<?xml version="1.0" encoding="UTF-8" standalone="yes" ?>
<CodeBlocks_project_file>
	<FileVersion major="1" minor="6" />
	<Project>
		<Option title="taengine" />
		<Option pch_mode="2" />
		<Option compiler="gnu_gcc_compiler_-_tdm_51" />
		<Build>
			<Target title="Debug">
				<Option output="bin/Debug/taengine" prefix_auto="1" extension_auto="1" />
				<Option working_dir="" />
				<Option object_output="obj/Debug/" />
				<Option type="2" />
				<Option compiler="gnu_gcc_compiler_-_tdm_51" />
				<Option createDefFile="1" />
				<Compiler>
					<Add option="-Wall" />
					<Add option="-g" />
					<Add directory="include" />
					<Add directory="include/render" />
					<Add directory="include/components" />
				</Compiler>
			</Target>
			<Target title="Release">
				<Option output="bin/Release/taengine" prefix_auto="1" extension_auto="1" />
				<Option working_dir="" />
				<Option object_output="obj/Release/" />
				<Option type="2" />
				<Option compiler="gnu_gcc_compiler_-_tdm_51" />
				<Option createDefFile="1" />
				<Compiler>
					<Add option="-Wall" />
					<Add option="-O2" />
					<Add directory="include" />
					<Add directory="include/render" />
					<Add directory="include/components" />
				</Compiler>
				<Linker>
					<Add option="-s" />
				</Linker>
			</Target>
		</Build>
		<Compiler>
			<Add option="-std=c++11" />
			<Add directory="../deps/x86/include" />
		</Compiler>
		<Linker>
			<Add library="mingw32" />
			<Add library="SDL2main" />
			<Add library="SDL2" />
			<Add library="opengl32" />
			<Add library="glew32" />
			<Add library="SOIL" />
			<Add directory="../deps/x86/lib" />
		</Linker>
		<Unit filename="include/components/BaseLight.h" />
		<Unit filename="include/components/DirectionalLight.h" />
		<Unit filename="include/components/MeshRenderer.h" />
		<Unit filename="include/components/PointLight.h" />
		<Unit filename="include/core/CoreEngine.h" />
		<Unit filename="include/core/GameComponent.h" />
		<Unit filename="include/core/GameObject.h" />
		<Unit filename="include/core/IMainGame.h" />
		<Unit filename="include/core/InputManager.h" />
		<Unit filename="include/core/Time.h" />
		<Unit filename="include/core/Transform.h" />
		<Unit filename="include/render/Camera.h" />
		<Unit filename="include/render/ForwardAmbient.h" />
		<Unit filename="include/render/ForwardDirectional.h" />
		<Unit filename="include/render/ForwardPoint.h" />
		<Unit filename="include/render/Material.h" />
		<Unit filename="include/render/Mesh.h" />
		<Unit filename="include/render/PhongShader.h" />
		<Unit filename="include/render/RenderingEngine.h" />
		<Unit filename="include/render/Shader.h" />
		<Unit filename="include/render/Texture.h" />
		<Unit filename="include/render/Window.h" />
		<Unit filename="src/components/BaseLight.cpp" />
		<Unit filename="src/components/DirectionalLight.cpp" />
		<Unit filename="src/components/MeshRenderer.cpp" />
		<Unit filename="src/components/PointLight.cpp" />
		<Unit filename="src/core/CoreEngine.cpp" />
		<Unit filename="src/core/GameObject.cpp" />
		<Unit filename="src/core/IMainGame.cpp" />
		<Unit filename="src/core/InputManager.cpp" />
		<Unit filename="src/core/Time.cpp" />
		<Unit filename="src/render/Camera.cpp" />
		<Unit filename="src/render/ForwardAmbient.cpp" />
		<Unit filename="src/render/ForwardDirectional.cpp" />
		<Unit filename="src/render/ForwardPoint.cpp" />
		<Unit filename="src/render/Material.cpp" />
		<Unit filename="src/render/Mesh.cpp" />
		<Unit filename="src/render/PhongShader.cpp" />
		<Unit filename="src/render/RenderingEngine.cpp" />
		<Unit filename="src/render/Shader.cpp" />
		<Unit filename="src/render/Texture.cpp" />
		<Unit filename="src/render/Window.cpp" />
		<Extensions>
			<code_completion />
			<envvars />
			<debugger />
			<lib_finder disable_auto="1" />
		</Extensions>
	</Project>
</CodeBlocks_project_file>
